// !$*UTF8*$!
{
	archiveVersion = 1;
	classes = {
	};
	objectVersion = 46;
	objects = {

/* Begin PBXBuildFile section */
		C1E88D821B10FEBC00168D1B /* main.cpp in Sources */ = {isa = PBXBuildFile; fileRef = C1E88D811B10FEBC00168D1B /* main.cpp */; };
		C1E88D8E1B111EB400168D1B /* dragon_db.cpp in Sources */ = {isa = PBXBuildFile; fileRef = C1E88D8D1B111EB400168D1B /* dragon_db.cpp */; };
		C1E88D901B111ED900168D1B /* dragon_core.cpp in Sources */ = {isa = PBXBuildFile; fileRef = C1E88D8F1B111ED900168D1B /* dragon_core.cpp */; };
		C1E88D921B111EE600168D1B /* dragon_segment.cpp in Sources */ = {isa = PBXBuildFile; fileRef = C1E88D911B111EE600168D1B /* dragon_segment.cpp */; };
/* End PBXBuildFile section */

/* Begin PBXCopyFilesBuildPhase section */
		C1E88D7C1B10FEBC00168D1B /* CopyFiles */ = {
			isa = PBXCopyFilesBuildPhase;
			buildActionMask = 2147483647;
			dstPath = /usr/share/man/man1/;
			dstSubfolderSpec = 0;
			files = (
			);
			runOnlyForDeploymentPostprocessing = 1;
		};
/* End PBXCopyFilesBuildPhase section */

/* Begin PBXFileReference section */
		C1E88D7E1B10FEBC00168D1B /* CS240 Final Project */ = {isa = PBXFileReference; explicitFileType = "compiled.mach-o.executable"; includeInIndex = 0; path = "CS240 Final Project"; sourceTree = BUILT_PRODUCTS_DIR; };
		C1E88D811B10FEBC00168D1B /* main.cpp */ = {isa = PBXFileReference; lastKnownFileType = sourcecode.cpp.cpp; path = main.cpp; sourceTree = "<group>"; };
		C1E88D8A1B10FFA000168D1B /* dragonDB.h */ = {isa = PBXFileReference; lastKnownFileType = sourcecode.c.h; path = dragonDB.h; sourceTree = "<group>"; };
		C1E88D8D1B111EB400168D1B /* dragon_db.cpp */ = {isa = PBXFileReference; fileEncoding = 4; lastKnownFileType = sourcecode.cpp.cpp; path = dragon_db.cpp; sourceTree = "<group>"; };
		C1E88D8F1B111ED900168D1B /* dragon_core.cpp */ = {isa = PBXFileReference; fileEncoding = 4; lastKnownFileType = sourcecode.cpp.cpp; path = dragon_core.cpp; sourceTree = "<group>"; };
		C1E88D911B111EE600168D1B /* dragon_segment.cpp */ = {isa = PBXFileReference; fileEncoding = 4; lastKnownFileType = sourcecode.cpp.cpp; path = dragon_segment.cpp; sourceTree = "<group>"; };
/* End PBXFileReference section */

/* Begin PBXFrameworksBuildPhase section */
		C1E88D7B1B10FEBC00168D1B /* Frameworks */ = {
			isa = PBXFrameworksBuildPhase;
			buildActionMask = 2147483647;
			files = (
			);
			runOnlyForDeploymentPostprocessing = 0;
		};
/* End PBXFrameworksBuildPhase section */

/* Begin PBXGroup section */
		C1E88D751B10FEBC00168D1B = {
			isa = PBXGroup;
			children = (
				C1E88D801B10FEBC00168D1B /* CS240 Final Project */,
				C1E88D7F1B10FEBC00168D1B /* Products */,
			);
			sourceTree = "<group>";
		};
		C1E88D7F1B10FEBC00168D1B /* Products */ = {
			isa = PBXGroup;
			children = (
				C1E88D7E1B10FEBC00168D1B /* CS240 Final Project */,
			);
			name = Products;
			sourceTree = "<group>";
		};
		C1E88D801B10FEBC00168D1B /* CS240 Final Project */ = {
			isa = PBXGroup;
			children = (
				C1E88D891B10FF8400168D1B /* src */,
				C1E88D881B10FF7B00168D1B /* include */,
				C1E88D811B10FEBC00168D1B /* main.cpp */,
			);
			path = "CS240 Final Project";
			sourceTree = "<group>";
		};
		C1E88D881B10FF7B00168D1B /* include */ = {
			isa = PBXGroup;
			children = (
				C1E88D8A1B10FFA000168D1B /* dragonDB.h */,
			);
			name = include;
			sourceTree = "<group>";
		};
		C1E88D891B10FF8400168D1B /* src */ = {
			isa = PBXGroup;
			children = (
				C1E88D8D1B111EB400168D1B /* dragon_db.cpp */,
				C1E88D8F1B111ED900168D1B /* dragon_core.cpp */,
				C1E88D911B111EE600168D1B /* dragon_segment.cpp */,
			);
			name = src;
			sourceTree = "<group>";
		};
/* End PBXGroup section */

/* Begin PBXNativeTarget section */
		C1E88D7D1B10FEBC00168D1B /* CS240 Final Project */ = {
			isa = PBXNativeTarget;
			buildConfigurationList = C1E88D851B10FEBC00168D1B /* Build configuration list for PBXNativeTarget "CS240 Final Project" */;
			buildPhases = (
				C1E88D7A1B10FEBC00168D1B /* Sources */,
				C1E88D7B1B10FEBC00168D1B /* Frameworks */,
				C1E88D7C1B10FEBC00168D1B /* CopyFiles */,
			);
			buildRules = (
			);
			dependencies = (
			);
			name = "CS240 Final Project";
			productName = "CS240 Final Project";
			productReference = C1E88D7E1B10FEBC00168D1B /* CS240 Final Project */;
			productType = "com.apple.product-type.tool";
		};
/* End PBXNativeTarget section */

/* Begin PBXProject section */
		C1E88D761B10FEBC00168D1B /* Project object */ = {
			isa = PBXProject;
			attributes = {
				LastUpgradeCheck = 0620;
				ORGANIZATIONNAME = cs240;
				TargetAttributes = {
					C1E88D7D1B10FEBC00168D1B = {
						CreatedOnToolsVersion = 6.2;
					};
				};
			};
			buildConfigurationList = C1E88D791B10FEBC00168D1B /* Build configuration list for PBXProject "CS240 Final Project" */;
			compatibilityVersion = "Xcode 3.2";
			developmentRegion = English;
			hasScannedForEncodings = 0;
			knownRegions = (
				en,
			);
			mainGroup = C1E88D751B10FEBC00168D1B;
			productRefGroup = C1E88D7F1B10FEBC00168D1B /* Products */;
			projectDirPath = "";
			projectRoot = "";
			targets = (
				C1E88D7D1B10FEBC00168D1B /* CS240 Final Project */,
			);
		};
/* End PBXProject section */

/* Begin PBXSourcesBuildPhase section */
		C1E88D7A1B10FEBC00168D1B /* Sources */ = {
			isa = PBXSourcesBuildPhase;
			buildActionMask = 2147483647;
			files = (
				C1E88D921B111EE600168D1B /* dragon_segment.cpp in Sources */,
				C1E88D901B111ED900168D1B /* dragon_core.cpp in Sources */,
				C1E88D8E1B111EB400168D1B /* dragon_db.cpp in Sources */,
				C1E88D821B10FEBC00168D1B /* main.cpp in Sources */,
			);
			runOnlyForDeploymentPostprocessing = 0;
		};
/* End PBXSourcesBuildPhase section */

/* Begin XCBuildConfiguration section */
		C1E88D831B10FEBC00168D1B /* Debug */ = {
			isa = XCBuildConfiguration;
			buildSettings = {
				ALWAYS_SEARCH_USER_PATHS = NO;
				CLANG_CXX_LANGUAGE_STANDARD = "gnu++0x";
				CLANG_CXX_LIBRARY = "libc++";
				CLANG_ENABLE_MODULES = YES;
				CLANG_ENABLE_OBJC_ARC = YES;
				CLANG_WARN_BOOL_CONVERSION = YES;
				CLANG_WARN_CONSTANT_CONVERSION = YES;
				CLANG_WARN_DIRECT_OBJC_ISA_USAGE = YES_ERROR;
				CLANG_WARN_EMPTY_BODY = YES;
				CLANG_WARN_ENUM_CONVERSION = YES;
				CLANG_WARN_INT_CONVERSION = YES;
				CLANG_WARN_OBJC_ROOT_CLASS = YES_ERROR;
				CLANG_WARN_UNREACHABLE_CODE = YES;
				CLANG_WARN__DUPLICATE_METHOD_MATCH = YES;
				COPY_PHASE_STRIP = NO;
				ENABLE_STRICT_OBJC_MSGSEND = YES;
				GCC_C_LANGUAGE_STANDARD = gnu99;
				GCC_DYNAMIC_NO_PIC = NO;
				GCC_OPTIMIZATION_LEVEL = 0;
				GCC_PREPROCESSOR_DEFINITIONS = (
					"DEBUG=1",
					"$(inherited)",
				);
				GCC_SYMBOLS_PRIVATE_EXTERN = NO;
				GCC_WARN_64_TO_32_BIT_CONVERSION = YES;
				GCC_WARN_ABOUT_RETURN_TYPE = YES_ERROR;
				GCC_WARN_UNDECLARED_SELECTOR = YES;
				GCC_WARN_UNINITIALIZED_AUTOS = YES_AGGRESSIVE;
				GCC_WARN_UNUSED_FUNCTION = YES;
				GCC_WARN_UNUSED_VARIABLE = YES;
				MACOSX_DEPLOYMENT_TARGET = 10.10;
				MTL_ENABLE_DEBUG_INFO = YES;
				ONLY_ACTIVE_ARCH = YES;
				SDKROOT = macosx;
			};
			name = Debug;
		};
		C1E88D841B10FEBC00168D1B /* Release */ = {
			isa = XCBuildConfiguration;
			buildSettings = {
				ALWAYS_SEARCH_USER_PATHS = NO;
				CLANG_CXX_LANGUAGE_STANDARD = "gnu++0x";
				CLANG_CXX_LIBRARY = "libc++";
				CLANG_ENABLE_MODULES = YES;
				CLANG_ENABLE_OBJC_ARC = YES;
				CLANG_WARN_BOOL_CONVERSION = YES;
				CLANG_WARN_CONSTANT_CONVERSION = YES;
				CLANG_WARN_DIRECT_OBJC_ISA_USAGE = YES_ERROR;
				CLANG_WARN_EMPTY_BODY = YES;
				CLANG_WARN_ENUM_CONVERSION = YES;
				CLANG_WARN_INT_CONVERSION = YES;
				CLANG_WARN_OBJC_ROOT_CLASS = YES_ERROR;
				CLANG_WARN_UNREACHABLE_CODE = YES;
				CLANG_WARN__DUPLICATE_METHOD_MATCH = YES;
				COPY_PHASE_STRIP = NO;
				DEBUG_INFORMATION_FORMAT = "dwarf-with-dsym";
				ENABLE_NS_ASSERTIONS = NO;
				ENABLE_STRICT_OBJC_MSGSEND = YES;
				GCC_C_LANGUAGE_STANDARD = gnu99;
				GCC_WARN_64_TO_32_BIT_CONVERSION = YES;
				GCC_WARN_ABOUT_RETURN_TYPE = YES_ERROR;
				GCC_WARN_UNDECLARED_SELECTOR = YES;
				GCC_WARN_UNINITIALIZED_AUTOS = YES_AGGRESSIVE;
				GCC_WARN_UNUSED_FUNCTION = YES;
				GCC_WARN_UNUSED_VARIABLE = YES;
				MACOSX_DEPLOYMENT_TARGET = 10.10;
				MTL_ENABLE_DEBUG_INFO = NO;
				SDKROOT = macosx;
			};
			name = Release;
		};
		C1E88D861B10FEBC00168D1B /* Debug */ = {
			isa = XCBuildConfiguration;
			buildSettings = {
				PRODUCT_NAME = "$(TARGET_NAME)";
			};
			name = Debug;
		};
		C1E88D871B10FEBC00168D1B /* Release */ = {
			isa = XCBuildConfiguration;
			buildSettings = {
				PRODUCT_NAME = "$(TARGET_NAME)";
			};
			name = Release;
		};
/* End XCBuildConfiguration section */

/* Begin XCConfigurationList section */
		C1E88D791B10FEBC00168D1B /* Build configuration list for PBXProject "CS240 Final Project" */ = {
			isa = XCConfigurationList;
			buildConfigurations = (
				C1E88D831B10FEBC00168D1B /* Debug */,
				C1E88D841B10FEBC00168D1B /* Release */,
			);
			defaultConfigurationIsVisible = 0;
			defaultConfigurationName = Release;
		};
		C1E88D851B10FEBC00168D1B /* Build configuration list for PBXNativeTarget "CS240 Final Project" */ = {
			isa = XCConfigurationList;
			buildConfigurations = (
				C1E88D861B10FEBC00168D1B /* Debug */,
				C1E88D871B10FEBC00168D1B /* Release */,
			);
			defaultConfigurationIsVisible = 0;
		};
/* End XCConfigurationList section */
	};
	rootObject = C1E88D761B10FEBC00168D1B /* Project object */;
}
